
Microsoft Visual Studio Solution File, Format Version 12.00
# Visual Studio 15
VisualStudioVersion = 15.0.27130.2027
MinimumVisualStudioVersion = 10.0.40219.1
Project("{FAE04EC0-301F-11D3-BF4B-00C04F79EFBC}") = "PictureBox Zoom", "PictureBox Zoom\PictureBox Zoom.csproj", "{EA711498-F172-499D-8EF1-950A664F91B0}"
EndProject
Project("{FAE04EC0-301F-11D3-BF4B-00C04F79EFBC}") = "ColorMesureLib", "..\ColorMesureLib\ColorMesureLib.csproj", "{C56D2B45-4941-4191-8E62-A0E5E5957870}"
EndProject
Global
	GlobalSection(SolutionConfigurationPlatforms) = preSolution
		Debug|Any CPU = Debug|Any CPU
		Release|Any CPU = Release|Any CPU
	EndGlobalSection
	GlobalSection(ProjectConfigurationPlatforms) = postSolution
		{EA711498-F172-499D-8EF1-950A664F91B0}.Debug|Any CPU.ActiveCfg = Debug|Any CPU
		{EA711498-F172-499D-8EF1-950A664F91B0}.Debug|Any CPU.Build.0 = Debug|Any CPU
		{EA711498-F172-499D-8EF1-950A664F91B0}.Release|Any CPU.ActiveCfg = Release|Any CPU
		{EA711498-F172-499D-8EF1-950A664F91B0}.Release|Any CPU.Build.0 = Release|Any CPU
		{C56D2B45-4941-4191-8E62-A0E5E5957870}.Debug|Any CPU.ActiveCfg = Debug|Any CPU
		{C56D2B45-4941-4191-8E62-A0E5E5957870}.Debug|Any CPU.Build.0 = Debug|Any CPU
		{C56D2B45-4941-4191-8E62-A0E5E5957870}.Release|Any CPU.ActiveCfg = Release|Any CPU
		{C56D2B45-4941-4191-8E62-A0E5E5957870}.Release|Any CPU.Build.0 = Release|Any CPU
	EndGlobalSection
	GlobalSection(SolutionProperties) = preSolution
		HideSolutionNode = FALSE
	EndGlobalSection
	GlobalSection(ExtensibilityGlobals) = postSolution
		SolutionGuid = {4999BF18-DEDF-4F3D-B28A-F7EA8ACF5B1A}
	EndGlobalSection
EndGlobal
